
Microsoft Visual Studio Solution File, Format Version 12.00
# Visual Studio 15
VisualStudioVersion = 15.0.27130.2010
MinimumVisualStudioVersion = 10.0.40219.1
Project("{FAE04EC0-301F-11D3-BF4B-00C04F79EFBC}") = "AuBoulot.Web", "AuBoulot\AuBoulot.Web.csproj", "{5184EE02-F7FD-4D32-82F8-E900242BF78B}"
EndProject
Global
	GlobalSection(SolutionConfigurationPlatforms) = preSolution
		Debug|Any CPU = Debug|Any CPU
		Release|Any CPU = Release|Any CPU
	EndGlobalSection
	GlobalSection(ProjectConfigurationPlatforms) = postSolution
		{5184EE02-F7FD-4D32-82F8-E900242BF78B}.Debug|Any CPU.ActiveCfg = Debug|Any CPU
		{5184EE02-F7FD-4D32-82F8-E900242BF78B}.Debug|Any CPU.Build.0 = Debug|Any CPU
		{5184EE02-F7FD-4D32-82F8-E900242BF78B}.Release|Any CPU.ActiveCfg = Release|Any CPU
		{5184EE02-F7FD-4D32-82F8-E900242BF78B}.Release|Any CPU.Build.0 = Release|Any CPU
	EndGlobalSection
	GlobalSection(SolutionProperties) = preSolution
		HideSolutionNode = FALSE
	EndGlobalSection
	GlobalSection(ExtensibilityGlobals) = postSolution
		SolutionGuid = {DFE73A7C-2E3A-4238-ADEB-110A405AC489}
	EndGlobalSection
EndGlobal
